
Microsoft Visual Studio Solution File, Format Version 12.00
# Visual Studio Version 17
VisualStudioVersion = 17.12.35527.113
MinimumVisualStudioVersion = 10.0.40219.1
Project("{FAE04EC0-301F-11D3-BF4B-00C04F79EFBC}") = "DataAccess.EFCore", "DataAccess.EFCore\DataAccess.EFCore.csproj", "{F770156E-C74B-4BF0-85D5-C770603AF3B4}"
EndProject
Project("{FAE04EC0-301F-11D3-BF4B-00C04F79EFBC}") = "Domain", "Domain\Domain.csproj", "{13FCCB0B-8D3E-42CB-9A10-159C028FE468}"
EndProject
Project("{FAE04EC0-301F-11D3-BF4B-00C04F79EFBC}") = "Common", "Common\Common.csproj", "{26128DF8-3474-48F6-BAB1-22829584776B}"
EndProject
Project("{FAE04EC0-301F-11D3-BF4B-00C04F79EFBC}") = "POEMAPI", "POEMAPI\POEMAPI.csproj", "{A247698F-FCF6-4BD1-920E-AC81171CDB13}"
EndProject
Global
	GlobalSection(SolutionConfigurationPlatforms) = preSolution
		Debug|Any CPU = Debug|Any CPU
		Release|Any CPU = Release|Any CPU
	EndGlobalSection
	GlobalSection(ProjectConfigurationPlatforms) = postSolution
		{F770156E-C74B-4BF0-85D5-C770603AF3B4}.Debug|Any CPU.ActiveCfg = Debug|Any CPU
		{F770156E-C74B-4BF0-85D5-C770603AF3B4}.Debug|Any CPU.Build.0 = Debug|Any CPU
		{F770156E-C74B-4BF0-85D5-C770603AF3B4}.Release|Any CPU.ActiveCfg = Release|Any CPU
		{F770156E-C74B-4BF0-85D5-C770603AF3B4}.Release|Any CPU.Build.0 = Release|Any CPU
		{13FCCB0B-8D3E-42CB-9A10-159C028FE468}.Debug|Any CPU.ActiveCfg = Debug|Any CPU
		{13FCCB0B-8D3E-42CB-9A10-159C028FE468}.Debug|Any CPU.Build.0 = Debug|Any CPU
		{13FCCB0B-8D3E-42CB-9A10-159C028FE468}.Release|Any CPU.ActiveCfg = Release|Any CPU
		{13FCCB0B-8D3E-42CB-9A10-159C028FE468}.Release|Any CPU.Build.0 = Release|Any CPU
		{26128DF8-3474-48F6-BAB1-22829584776B}.Debug|Any CPU.ActiveCfg = Debug|Any CPU
		{26128DF8-3474-48F6-BAB1-22829584776B}.Debug|Any CPU.Build.0 = Debug|Any CPU
		{26128DF8-3474-48F6-BAB1-22829584776B}.Release|Any CPU.ActiveCfg = Release|Any CPU
		{26128DF8-3474-48F6-BAB1-22829584776B}.Release|Any CPU.Build.0 = Release|Any CPU
		{A247698F-FCF6-4BD1-920E-AC81171CDB13}.Debug|Any CPU.ActiveCfg = Debug|Any CPU
		{A247698F-FCF6-4BD1-920E-AC81171CDB13}.Debug|Any CPU.Build.0 = Debug|Any CPU
		{A247698F-FCF6-4BD1-920E-AC81171CDB13}.Release|Any CPU.ActiveCfg = Release|Any CPU
		{A247698F-FCF6-4BD1-920E-AC81171CDB13}.Release|Any CPU.Build.0 = Release|Any CPU
	EndGlobalSection
	GlobalSection(SolutionProperties) = preSolution
		HideSolutionNode = FALSE
	EndGlobalSection
EndGlobal
